
Microsoft Visual Studio Solution File, Format Version 12.00
# Visual Studio 2013
VisualStudioVersion = 12.0.21005.1
MinimumVisualStudioVersion = 10.0.40219.1
Project("{FAE04EC0-301F-11D3-BF4B-00C04F79EFBC}") = "Test", "Test\Test.csproj", "{CB398753-F5EC-4AE2-9A8E-94C8B66FB1E1}"
EndProject
Project("{2150E333-8FDC-42A3-9474-1A3956D46DE8}") = ".nuget", ".nuget", "{EE041E55-D928-4329-8280-4BAE495F48D8}"
	ProjectSection(SolutionItems) = preProject
		.nuget\NuGet.Config = .nuget\NuGet.Config
		.nuget\NuGet.exe = .nuget\NuGet.exe
		.nuget\NuGet.targets = .nuget\NuGet.targets
	EndProjectSection
EndProject
Global
	GlobalSection(SolutionConfigurationPlatforms) = preSolution
		Debug|Any CPU = Debug|Any CPU
		Release|Any CPU = Release|Any CPU
	EndGlobalSection
	GlobalSection(ProjectConfigurationPlatforms) = postSolution
		{CB398753-F5EC-4AE2-9A8E-94C8B66FB1E1}.Debug|Any CPU.ActiveCfg = Debug|Any CPU
		{CB398753-F5EC-4AE2-9A8E-94C8B66FB1E1}.Debug|Any CPU.Build.0 = Debug|Any CPU
		{CB398753-F5EC-4AE2-9A8E-94C8B66FB1E1}.Release|Any CPU.ActiveCfg = Release|Any CPU
		{CB398753-F5EC-4AE2-9A8E-94C8B66FB1E1}.Release|Any CPU.Build.0 = Release|Any CPU
	EndGlobalSection
	GlobalSection(SolutionProperties) = preSolution
		HideSolutionNode = FALSE
	EndGlobalSection
EndGlobal
